// !$*UTF8*$!
{
	archiveVersion = 1;
	classes = {
	};
	objectVersion = 46;
	objects = {

/* Begin PBXBuildFile section */
		DEB6C4FC1E905C42001C8ACC /* AppDelegate.swift in Sources */ = {isa = PBXBuildFile; fileRef = DEB6C4FB1E905C42001C8ACC /* AppDelegate.swift */; };
		DEB6C4FE1E905C42001C8ACC /* ViewController.swift in Sources */ = {isa = PBXBuildFile; fileRef = DEB6C4FD1E905C42001C8ACC /* ViewController.swift */; };
		DEB6C5011E905C42001C8ACC /* Main.storyboard in Resources */ = {isa = PBXBuildFile; fileRef = DEB6C4FF1E905C42001C8ACC /* Main.storyboard */; };
		DEB6C5041E905C42001C8ACC /* Journal.xcdatamodeld in Sources */ = {isa = PBXBuildFile; fileRef = DEB6C5021E905C42001C8ACC /* Journal.xcdatamodeld */; };
		DEB6C5061E905C42001C8ACC /* Assets.xcassets in Resources */ = {isa = PBXBuildFile; fileRef = DEB6C5051E905C42001C8ACC /* Assets.xcassets */; };
		DEB6C5091E905C42001C8ACC /* LaunchScreen.storyboard in Resources */ = {isa = PBXBuildFile; fileRef = DEB6C5071E905C42001C8ACC /* LaunchScreen.storyboard */; };
/* End PBXBuildFile section */

/* Begin PBXFileReference section */
		DEB6C4F81E905C42001C8ACC /* Journal.app */ = {isa = PBXFileReference; explicitFileType = wrapper.application; includeInIndex = 0; path = Journal.app; sourceTree = BUILT_PRODUCTS_DIR; };
		DEB6C4FB1E905C42001C8ACC /* AppDelegate.swift */ = {isa = PBXFileReference; lastKnownFileType = sourcecode.swift; path = AppDelegate.swift; sourceTree = "<group>"; };
		DEB6C4FD1E905C42001C8ACC /* ViewController.swift */ = {isa = PBXFileReference; lastKnownFileType = sourcecode.swift; path = ViewController.swift; sourceTree = "<group>"; };
		DEB6C5001E905C42001C8ACC /* Base */ = {isa = PBXFileReference; lastKnownFileType = file.storyboard; name = Base; path = Base.lproj/Main.storyboard; sourceTree = "<group>"; };
		DEB6C5031E905C42001C8ACC /* Journal.xcdatamodel */ = {isa = PBXFileReference; lastKnownFileType = wrapper.xcdatamodel; path = Journal.xcdatamodel; sourceTree = "<group>"; };
		DEB6C5051E905C42001C8ACC /* Assets.xcassets */ = {isa = PBXFileReference; lastKnownFileType = folder.assetcatalog; path = Assets.xcassets; sourceTree = "<group>"; };
		DEB6C5081E905C42001C8ACC /* Base */ = {isa = PBXFileReference; lastKnownFileType = file.storyboard; name = Base; path = Base.lproj/LaunchScreen.storyboard; sourceTree = "<group>"; };
		DEB6C50A1E905C42001C8ACC /* Info.plist */ = {isa = PBXFileReference; lastKnownFileType = text.plist.xml; path = Info.plist; sourceTree = "<group>"; };
/* End PBXFileReference section */

/* Begin PBXFrameworksBuildPhase section */
		DEB6C4F51E905C42001C8ACC /* Frameworks */ = {
			isa = PBXFrameworksBuildPhase;
			buildActionMask = 2147483647;
			files = (
			);
			runOnlyForDeploymentPostprocessing = 0;
		};
/* End PBXFrameworksBuildPhase section */

/* Begin PBXGroup section */
		DEB6C4EF1E905C42001C8ACC = {
			isa = PBXGroup;
			children = (
				DEB6C4FA1E905C42001C8ACC /* Journal */,
				DEB6C4F91E905C42001C8ACC /* Products */,
			);
			sourceTree = "<group>";
		};
		DEB6C4F91E905C42001C8ACC /* Products */ = {
			isa = PBXGroup;
			children = (
				DEB6C4F81E905C42001C8ACC /* Journal.app */,
			);
			name = Products;
			sourceTree = "<group>";
		};
		DEB6C4FA1E905C42001C8ACC /* Journal */ = {
			isa = PBXGroup;
			children = (
				DEB6C4FB1E905C42001C8ACC /* AppDelegate.swift */,
				DEB6C4FD1E905C42001C8ACC /* ViewController.swift */,
				DEB6C4FF1E905C42001C8ACC /* Main.storyboard */,
				DEB6C5051E905C42001C8ACC /* Assets.xcassets */,
				DEB6C5071E905C42001C8ACC /* LaunchScreen.storyboard */,
				DEB6C50A1E905C42001C8ACC /* Info.plist */,
				DEB6C5021E905C42001C8ACC /* Journal.xcdatamodeld */,
			);
			path = Journal;
			sourceTree = "<group>";
		};
/* End PBXGroup section */

/* Begin PBXNativeTarget section */
		DEB6C4F71E905C42001C8ACC /* Journal */ = {
			isa = PBXNativeTarget;
			buildConfigurationList = DEB6C50D1E905C42001C8ACC /* Build configuration list for PBXNativeTarget "Journal" */;
			buildPhases = (
				DEB6C4F41E905C42001C8ACC /* Sources */,
				DEB6C4F51E905C42001C8ACC /* Frameworks */,
				DEB6C4F61E905C42001C8ACC /* Resources */,
			);
			buildRules = (
			);
			dependencies = (
			);
			name = Journal;
			productName = Journal;
			productReference = DEB6C4F81E905C42001C8ACC /* Journal.app */;
			productType = "com.apple.product-type.application";
		};
/* End PBXNativeTarget section */

/* Begin PBXProject section */
		DEB6C4F01E905C42001C8ACC /* Project object */ = {
			isa = PBXProject;
			attributes = {
				LastSwiftUpdateCheck = 0820;
				LastUpgradeCheck = 0820;
				ORGANIZATIONNAME = "Kevin Hall";
				TargetAttributes = {
					DEB6C4F71E905C42001C8ACC = {
						CreatedOnToolsVersion = 8.2.1;
						DevelopmentTeam = 6RAG6PZTGH;
						ProvisioningStyle = Automatic;
					};
				};
			};
			buildConfigurationList = DEB6C4F31E905C42001C8ACC /* Build configuration list for PBXProject "Journal" */;
			compatibilityVersion = "Xcode 3.2";
			developmentRegion = English;
			hasScannedForEncodings = 0;
			knownRegions = (
				en,
				Base,
			);
			mainGroup = DEB6C4EF1E905C42001C8ACC;
			productRefGroup = DEB6C4F91E905C42001C8ACC /* Products */;
			projectDirPath = "";
			projectRoot = "";
			targets = (
				DEB6C4F71E905C42001C8ACC /* Journal */,
			);
		};
/* End PBXProject section */

/* Begin PBXResourcesBuildPhase section */
		DEB6C4F61E905C42001C8ACC /* Resources */ = {
			isa = PBXResourcesBuildPhase;
			buildActionMask = 2147483647;
			files = (
				DEB6C5091E905C42001C8ACC /* LaunchScreen.storyboard in Resources */,
				DEB6C5061E905C42001C8ACC /* Assets.xcassets in Resources */,
				DEB6C5011E905C42001C8ACC /* Main.storyboard in Resources */,
			);
			runOnlyForDeploymentPostprocessing = 0;
		};
/* End PBXResourcesBuildPhase section */

/* Begin PBXSourcesBuildPhase section */
		DEB6C4F41E905C42001C8ACC /* Sources */ = {
			isa = PBXSourcesBuildPhase;
			buildActionMask = 2147483647;
			files = (
				DEB6C5041E905C42001C8ACC /* Journal.xcdatamodeld in Sources */,
				DEB6C4FE1E905C42001C8ACC /* ViewController.swift in Sources */,
				DEB6C4FC1E905C42001C8ACC /* AppDelegate.swift in Sources */,
			);
			runOnlyForDeploymentPostprocessing = 0;
		};
/* End PBXSourcesBuildPhase section */

/* Begin PBXVariantGroup section */
		DEB6C4FF1E905C42001C8ACC /* Main.storyboard */ = {
			isa = PBXVariantGroup;
			children = (
				DEB6C5001E905C42001C8ACC /* Base */,
			);
			name = Main.storyboard;
			sourceTree = "<group>";
		};
		DEB6C5071E905C42001C8ACC /* LaunchScreen.storyboard */ = {
			isa = PBXVariantGroup;
			children = (
				DEB6C5081E905C42001C8ACC /* Base */,
			);
			name = LaunchScreen.storyboard;
			sourceTree = "<group>";
		};
/* End PBXVariantGroup section */

/* Begin XCBuildConfiguration section */
		DEB6C50B1E905C42001C8ACC /* Debug */ = {
			isa = XCBuildConfiguration;
			buildSettings = {
				ALWAYS_SEARCH_USER_PATHS = NO;
				CLANG_ANALYZER_NONNULL = YES;
				CLANG_CXX_LANGUAGE_STANDARD = "gnu++0x";
				CLANG_CXX_LIBRARY = "libc++";
				CLANG_ENABLE_MODULES = YES;
				CLANG_ENABLE_OBJC_ARC = YES;
				CLANG_WARN_BOOL_CONVERSION = YES;
				CLANG_WARN_CONSTANT_CONVERSION = YES;
				CLANG_WARN_DIRECT_OBJC_ISA_USAGE = YES_ERROR;
				CLANG_WARN_DOCUMENTATION_COMMENTS = YES;
				CLANG_WARN_EMPTY_BODY = YES;
				CLANG_WARN_ENUM_CONVERSION = YES;
				CLANG_WARN_INFINITE_RECURSION = YES;
				CLANG_WARN_INT_CONVERSION = YES;
				CLANG_WARN_OBJC_ROOT_CLASS = YES_ERROR;
				CLANG_WARN_SUSPICIOUS_MOVE = YES;
				CLANG_WARN_UNREACHABLE_CODE = YES;
				CLANG_WARN__DUPLICATE_METHOD_MATCH = YES;
				"CODE_SIGN_IDENTITY[sdk=iphoneos*]" = "iPhone Developer";
				COPY_PHASE_STRIP = NO;
				DEBUG_INFORMATION_FORMAT = dwarf;
				ENABLE_STRICT_OBJC_MSGSEND = YES;
				ENABLE_TESTABILITY = YES;
				GCC_C_LANGUAGE_STANDARD = gnu99;
				GCC_DYNAMIC_NO_PIC = NO;
				GCC_NO_COMMON_BLOCKS = YES;
				GCC_OPTIMIZATION_LEVEL = 0;
				GCC_PREPROCESSOR_DEFINITIONS = (
					"DEBUG=1",
					"$(inherited)",
				);
				GCC_WARN_64_TO_32_BIT_CONVERSION = YES;
				GCC_WARN_ABOUT_RETURN_TYPE = YES_ERROR;
				GCC_WARN_UNDECLARED_SELECTOR = YES;
				GCC_WARN_UNINITIALIZED_AUTOS = YES_AGGRESSIVE;
				GCC_WARN_UNUSED_FUNCTION = YES;
				GCC_WARN_UNUSED_VARIABLE = YES;
				IPHONEOS_DEPLOYMENT_TARGET = 10.2;
				MTL_ENABLE_DEBUG_INFO = YES;
				ONLY_ACTIVE_ARCH = YES;
				SDKROOT = iphoneos;
				SWIFT_ACTIVE_COMPILATION_CONDITIONS = DEBUG;
				SWIFT_OPTIMIZATION_LEVEL = "-Onone";
			};
			name = Debug;
		};
		DEB6C50C1E905C42001C8ACC /* Release */ = {
			isa = XCBuildConfiguration;
			buildSettings = {
				ALWAYS_SEARCH_USER_PATHS = NO;
				CLANG_ANALYZER_NONNULL = YES;
				CLANG_CXX_LANGUAGE_STANDARD = "gnu++0x";
				CLANG_CXX_LIBRARY = "libc++";
				CLANG_ENABLE_MODULES = YES;
				CLANG_ENABLE_OBJC_ARC = YES;
				CLANG_WARN_BOOL_CONVERSION = YES;
				CLANG_WARN_CONSTANT_CONVERSION = YES;
				CLANG_WARN_DIRECT_OBJC_ISA_USAGE = YES_ERROR;
				CLANG_WARN_DOCUMENTATION_COMMENTS = YES;
				CLANG_WARN_EMPTY_BODY = YES;
				CLANG_WARN_ENUM_CONVERSION = YES;
				CLANG_WARN_INFINITE_RECURSION = YES;
				CLANG_WARN_INT_CONVERSION = YES;
				CLANG_WARN_OBJC_ROOT_CLASS = YES_ERROR;
				CLANG_WARN_SUSPICIOUS_MOVE = YES;
				CLANG_WARN_UNREACHABLE_CODE = YES;
				CLANG_WARN__DUPLICATE_METHOD_MATCH = YES;
				"CODE_SIGN_IDENTITY[sdk=iphoneos*]" = "iPhone Developer";
				COPY_PHASE_STRIP = NO;
				DEBUG_INFORMATION_FORMAT = "dwarf-with-dsym";
				ENABLE_NS_ASSERTIONS = NO;
				ENABLE_STRICT_OBJC_MSGSEND = YES;
				GCC_C_LANGUAGE_STANDARD = gnu99;
				GCC_NO_COMMON_BLOCKS = YES;
				GCC_WARN_64_TO_32_BIT_CONVERSION = YES;
				GCC_WARN_ABOUT_RETURN_TYPE = YES_ERROR;
				GCC_WARN_UNDECLARED_SELECTOR = YES;
				GCC_WARN_UNINITIALIZED_AUTOS = YES_AGGRESSIVE;
				GCC_WARN_UNUSED_FUNCTION = YES;
				GCC_WARN_UNUSED_VARIABLE = YES;
				IPHONEOS_DEPLOYMENT_TARGET = 10.2;
				MTL_ENABLE_DEBUG_INFO = NO;
				SDKROOT = iphoneos;
				SWIFT_OPTIMIZATION_LEVEL = "-Owholemodule";
				VALIDATE_PRODUCT = YES;
			};
			name = Release;
		};
		DEB6C50E1E905C42001C8ACC /* Debug */ = {
			isa = XCBuildConfiguration;
			buildSettings = {
				ASSETCATALOG_COMPILER_APPICON_NAME = AppIcon;
				DEVELOPMENT_TEAM = 6RAG6PZTGH;
				INFOPLIST_FILE = Journal/Info.plist;
				LD_RUNPATH_SEARCH_PATHS = "$(inherited) @executable_path/Frameworks";
				PRODUCT_BUNDLE_IDENTIFIER = com.Kevinhall.Journal;
				PRODUCT_NAME = "$(TARGET_NAME)";
				SWIFT_VERSION = 3.0;
			};
			name = Debug;
		};
		DEB6C50F1E905C42001C8ACC /* Release */ = {
			isa = XCBuildConfiguration;
			buildSettings = {
				ASSETCATALOG_COMPILER_APPICON_NAME = AppIcon;
				DEVELOPMENT_TEAM = 6RAG6PZTGH;
				INFOPLIST_FILE = Journal/Info.plist;
				LD_RUNPATH_SEARCH_PATHS = "$(inherited) @executable_path/Frameworks";
				PRODUCT_BUNDLE_IDENTIFIER = com.Kevinhall.Journal;
				PRODUCT_NAME = "$(TARGET_NAME)";
				SWIFT_VERSION = 3.0;
			};
			name = Release;
		};
/* End XCBuildConfiguration section */

/* Begin XCConfigurationList section */
		DEB6C4F31E905C42001C8ACC /* Build configuration list for PBXProject "Journal" */ = {
			isa = XCConfigurationList;
			buildConfigurations = (
				DEB6C50B1E905C42001C8ACC /* Debug */,
				DEB6C50C1E905C42001C8ACC /* Release */,
			);
			defaultConfigurationIsVisible = 0;
			defaultConfigurationName = Release;
		};
		DEB6C50D1E905C42001C8ACC /* Build configuration list for PBXNativeTarget "Journal" */ = {
			isa = XCConfigurationList;
			buildConfigurations = (
				DEB6C50E1E905C42001C8ACC /* Debug */,
				DEB6C50F1E905C42001C8ACC /* Release */,
			);
			defaultConfigurationIsVisible = 0;
		};
/* End XCConfigurationList section */

/* Begin XCVersionGroup section */
		DEB6C5021E905C42001C8ACC /* Journal.xcdatamodeld */ = {
			isa = XCVersionGroup;
			children = (
				DEB6C5031E905C42001C8ACC /* Journal.xcdatamodel */,
			);
			currentVersion = DEB6C5031E905C42001C8ACC /* Journal.xcdatamodel */;
			path = Journal.xcdatamodeld;
			sourceTree = "<group>";
			versionGroupType = wrapper.xcdatamodel;
		};
/* End XCVersionGroup section */
	};
	rootObject = DEB6C4F01E905C42001C8ACC /* Project object */;
}
